
Microsoft Visual Studio Solution File, Format Version 12.00
# Visual Studio 15
VisualStudioVersion = 15.0.26403.3
MinimumVisualStudioVersion = 10.0.40219.1
Project("{8BC9CEB8-8B4A-11D0-8D11-00A0C91BC942}") = "MatrixControl", "MatrixControl\MatrixControl.vcxproj", "{6A38C0A4-307B-4769-A301-3432A4D802F8}"
EndProject
Global
	GlobalSection(SolutionConfigurationPlatforms) = preSolution
		Debug|ARM = Debug|ARM
		Release|ARM = Release|ARM
	EndGlobalSection
	GlobalSection(ProjectConfigurationPlatforms) = postSolution
		{6A38C0A4-307B-4769-A301-3432A4D802F8}.Debug|ARM.ActiveCfg = Debug|ARM
		{6A38C0A4-307B-4769-A301-3432A4D802F8}.Debug|ARM.Build.0 = Debug|ARM
		{6A38C0A4-307B-4769-A301-3432A4D802F8}.Release|ARM.ActiveCfg = Release|ARM
		{6A38C0A4-307B-4769-A301-3432A4D802F8}.Release|ARM.Build.0 = Release|ARM
	EndGlobalSection
	GlobalSection(SolutionProperties) = preSolution
		HideSolutionNode = FALSE
	EndGlobalSection
EndGlobal
